
Microsoft Visual Studio Solution File, Format Version 12.00
# Visual Studio 15
Project("{FAE04EC0-301F-11D3-BF4B-00C04F79EFBC}") = "Assembly-CSharp", "Assembly-CSharp.csproj", "{FAE44236-CF9C-E32B-81DF-F2E395642CDC}"
EndProject
Project("{FAE04EC0-301F-11D3-BF4B-00C04F79EFBC}") = "NavMeshComponents", "NavMeshComponents.csproj", "{ED3D3ECD-7641-5442-4942-E6A7633DCDB5}"
EndProject
Project("{FAE04EC0-301F-11D3-BF4B-00C04F79EFBC}") = "NavMeshComponentsEditor", "NavMeshComponentsEditor.csproj", "{F13110A9-478D-DF76-6738-FEB288B044EE}"
EndProject
Global
	GlobalSection(SolutionConfigurationPlatforms) = preSolution
		Debug|Any CPU = Debug|Any CPU
		Release|Any CPU = Release|Any CPU
	EndGlobalSection
	GlobalSection(ProjectConfigurationPlatforms) = postSolution
		{FAE44236-CF9C-E32B-81DF-F2E395642CDC}.Debug|Any CPU.ActiveCfg = Debug|Any CPU
		{FAE44236-CF9C-E32B-81DF-F2E395642CDC}.Debug|Any CPU.Build.0 = Debug|Any CPU
		{FAE44236-CF9C-E32B-81DF-F2E395642CDC}.Release|Any CPU.ActiveCfg = Release|Any CPU
		{FAE44236-CF9C-E32B-81DF-F2E395642CDC}.Release|Any CPU.Build.0 = Release|Any CPU
		{ED3D3ECD-7641-5442-4942-E6A7633DCDB5}.Debug|Any CPU.ActiveCfg = Debug|Any CPU
		{ED3D3ECD-7641-5442-4942-E6A7633DCDB5}.Debug|Any CPU.Build.0 = Debug|Any CPU
		{ED3D3ECD-7641-5442-4942-E6A7633DCDB5}.Release|Any CPU.ActiveCfg = Release|Any CPU
		{ED3D3ECD-7641-5442-4942-E6A7633DCDB5}.Release|Any CPU.Build.0 = Release|Any CPU
		{F13110A9-478D-DF76-6738-FEB288B044EE}.Debug|Any CPU.ActiveCfg = Debug|Any CPU
		{F13110A9-478D-DF76-6738-FEB288B044EE}.Debug|Any CPU.Build.0 = Debug|Any CPU
		{F13110A9-478D-DF76-6738-FEB288B044EE}.Release|Any CPU.ActiveCfg = Release|Any CPU
		{F13110A9-478D-DF76-6738-FEB288B044EE}.Release|Any CPU.Build.0 = Release|Any CPU
	EndGlobalSection
	GlobalSection(SolutionProperties) = preSolution
		HideSolutionNode = FALSE
	EndGlobalSection
EndGlobal
